
Microsoft Visual Studio Solution File, Format Version 12.00
# Visual Studio Version 16
VisualStudioVersion = 16.0.31729.503
MinimumVisualStudioVersion = 10.0.40219.1
Project("{FAE04EC0-301F-11D3-BF4B-00C04F79EFBC}") = "WindowsFormsApp1", "WindowsFormsApp1\WindowsFormsApp1.csproj", "{5C2D0E31-725A-4EF6-82E8-AED6EAF678F6}"
EndProject
Global
	GlobalSection(SolutionConfigurationPlatforms) = preSolution
		Debug|Any CPU = Debug|Any CPU
		Release|Any CPU = Release|Any CPU
	EndGlobalSection
	GlobalSection(ProjectConfigurationPlatforms) = postSolution
		{5C2D0E31-725A-4EF6-82E8-AED6EAF678F6}.Debug|Any CPU.ActiveCfg = Debug|Any CPU
		{5C2D0E31-725A-4EF6-82E8-AED6EAF678F6}.Debug|Any CPU.Build.0 = Debug|Any CPU
		{5C2D0E31-725A-4EF6-82E8-AED6EAF678F6}.Release|Any CPU.ActiveCfg = Release|Any CPU
		{5C2D0E31-725A-4EF6-82E8-AED6EAF678F6}.Release|Any CPU.Build.0 = Release|Any CPU
	EndGlobalSection
	GlobalSection(SolutionProperties) = preSolution
		HideSolutionNode = FALSE
	EndGlobalSection
	GlobalSection(ExtensibilityGlobals) = postSolution
		SolutionGuid = {3E7B7897-7DFC-4503-8963-EFD7C9AED3F6}
	EndGlobalSection
EndGlobal
